
Microsoft Visual Studio Solution File, Format Version 12.00
# Visual Studio 15
VisualStudioVersion = 15.0.28307.902
MinimumVisualStudioVersion = 10.0.40219.1
Project("{FAE04EC0-301F-11D3-BF4B-00C04F79EFBC}") = "ImportViewerTree", "ImportViewerTree\ImportViewerTree.csproj", "{529B86CC-4C31-483F-9CC4-74A544DEFF27}"
EndProject
Global
	GlobalSection(SolutionConfigurationPlatforms) = preSolution
		Debug|Any CPU = Debug|Any CPU
		Release|Any CPU = Release|Any CPU
	EndGlobalSection
	GlobalSection(ProjectConfigurationPlatforms) = postSolution
		{529B86CC-4C31-483F-9CC4-74A544DEFF27}.Debug|Any CPU.ActiveCfg = Debug|Any CPU
		{529B86CC-4C31-483F-9CC4-74A544DEFF27}.Debug|Any CPU.Build.0 = Debug|Any CPU
		{529B86CC-4C31-483F-9CC4-74A544DEFF27}.Release|Any CPU.ActiveCfg = Release|Any CPU
		{529B86CC-4C31-483F-9CC4-74A544DEFF27}.Release|Any CPU.Build.0 = Release|Any CPU
	EndGlobalSection
	GlobalSection(SolutionProperties) = preSolution
		HideSolutionNode = FALSE
	EndGlobalSection
	GlobalSection(ExtensibilityGlobals) = postSolution
		SolutionGuid = {5D047040-3B7E-46A5-A9EC-28A9CB7A35DA}
	EndGlobalSection
EndGlobal
